PODS:
  - FontAwesome.swift (1.4.7)
  - PryntTrimmerView (3.0.0)
  - SteviaLayout (4.4.0)
  - YPImagePicker (3.5.2):
    - PryntTrimmerView (~> 3.0.0)
    - SteviaLayout (~> 4.4.0)

DEPENDENCIES:
  - FontAwesome.swift
  - YPImagePicker

SPEC REPOS:
  https://github.com/cocoapods/specs.git:
    - FontAwesome.swift
    - PryntTrimmerView
    - SteviaLayout
    - YPImagePicker

SPEC CHECKSUMS:
  FontAwesome.swift: ed820aa59420c3c5e1b087afa3f3a78373fc5300
  PryntTrimmerView: 53ac64053c7ce63cb3e27f54090f52da0734891d
  SteviaLayout: dd74d1abd127bbf0ce346ac9430441684fe427d0
  YPImagePicker: 26d5bf7bfe1cffd1c5eedea3ac60422b314e2a42

PODFILE CHECKSUM: 2c43ead978953feb3270b5a4f43fb47f7eda93d0

COCOAPODS: 1.5.3
