// !$*UTF8*$!
{
	archiveVersion = 1;
	classes = {
	};
	objectVersion = 50;
	objects = {

/* Begin PBXBuildFile section */
		42A69929C9E5B18B786BCEDC /* Pods_travelDiary.framework in Frameworks */ = {isa = PBXBuildFile; fileRef = 0426CFC1107BC3C2815353F5 /* Pods_travelDiary.framework */; };
		9317939421FECFCE00FDF57A /* UIColorHex.swift in Sources */ = {isa = PBXBuildFile; fileRef = 9317939321FECFCE00FDF57A /* UIColorHex.swift */; };
		933855A821EE1EE600EFE057 /* tableWentViewController.swift in Sources */ = {isa = PBXBuildFile; fileRef = 933855A721EE1EE600EFE057 /* tableWentViewController.swift */; };
		933855AA21EE21CD00EFE057 /* wentTableViewCell.swift in Sources */ = {isa = PBXBuildFile; fileRef = 933855A921EE21CD00EFE057 /* wentTableViewCell.swift */; };
		933855CC21F065A400EFE057 /* WantShowViewController.swift in Sources */ = {isa = PBXBuildFile; fileRef = 933855CB21F065A400EFE057 /* WantShowViewController.swift */; };
		9350E7F021E87E6A00909C96 /* WantTableCellTableViewCell.swift in Sources */ = {isa = PBXBuildFile; fileRef = 9350E7EF21E87E6A00909C96 /* WantTableCellTableViewCell.swift */; };
		9350E7F221EC166A00909C96 /* tableWantViewController.swift in Sources */ = {isa = PBXBuildFile; fileRef = 9350E7F121EC166A00909C96 /* tableWantViewController.swift */; };
		935EB26421C8CCFA00CD1F1F /* AppDelegate.swift in Sources */ = {isa = PBXBuildFile; fileRef = 935EB26321C8CCFA00CD1F1F /* AppDelegate.swift */; };
		935EB26621C8CCFA00CD1F1F /* ViewController.swift in Sources */ = {isa = PBXBuildFile; fileRef = 935EB26521C8CCFA00CD1F1F /* ViewController.swift */; };
		935EB26921C8CCFA00CD1F1F /* Main.storyboard in Resources */ = {isa = PBXBuildFile; fileRef = 935EB26721C8CCFA00CD1F1F /* Main.storyboard */; };
		935EB26C21C8CCFA00CD1F1F /* travelDiary.xcdatamodeld in Sources */ = {isa = PBXBuildFile; fileRef = 935EB26A21C8CCFA00CD1F1F /* travelDiary.xcdatamodeld */; };
		935EB26E21C8CCFB00CD1F1F /* Assets.xcassets in Resources */ = {isa = PBXBuildFile; fileRef = 935EB26D21C8CCFB00CD1F1F /* Assets.xcassets */; };
		935EB27121C8CCFB00CD1F1F /* LaunchScreen.storyboard in Resources */ = {isa = PBXBuildFile; fileRef = 935EB26F21C8CCFB00CD1F1F /* LaunchScreen.storyboard */; };
		935EB29A21C8E08D00CD1F1F /* 名称未設定.png in Resources */ = {isa = PBXBuildFile; fileRef = 935EB29921C8E08D00CD1F1F /* 名称未設定.png */; };
		935EB29C21C938DE00CD1F1F /* WentViewController.swift in Sources */ = {isa = PBXBuildFile; fileRef = 935EB29B21C938DE00CD1F1F /* WentViewController.swift */; };
		935EB2A021CB601900CD1F1F /* WantViewController.swift in Sources */ = {isa = PBXBuildFile; fileRef = 935EB29F21CB601900CD1F1F /* WantViewController.swift */; };
		935EB2E621D7507C00CD1F1F /* wentShowViewController.swift in Sources */ = {isa = PBXBuildFile; fileRef = 935EB2E521D7507C00CD1F1F /* wentShowViewController.swift */; };
		9367E13721F8370D0067F53C /* geocordingViewController.swift in Sources */ = {isa = PBXBuildFile; fileRef = 9367E13621F8370D0067F53C /* geocordingViewController.swift */; };
/* End PBXBuildFile section */

/* Begin PBXFileReference section */
		0426CFC1107BC3C2815353F5 /* Pods_travelDiary.framework */ = {isa = PBXFileReference; explicitFileType = wrapper.framework; includeInIndex = 0; path = Pods_travelDiary.framework; sourceTree = BUILT_PRODUCTS_DIR; };
		75FEF4C91218D8F96D032B42 /* Pods-travelDiary.release.xcconfig */ = {isa = PBXFileReference; includeInIndex = 1; lastKnownFileType = text.xcconfig; name = "Pods-travelDiary.release.xcconfig"; path = "Pods/Target Support Files/Pods-travelDiary/Pods-travelDiary.release.xcconfig"; sourceTree = "<group>"; };
		8DA7D4107072B4ED9A55CE91 /* Pods-travelDiary.debug.xcconfig */ = {isa = PBXFileReference; includeInIndex = 1; lastKnownFileType = text.xcconfig; name = "Pods-travelDiary.debug.xcconfig"; path = "Pods/Target Support Files/Pods-travelDiary/Pods-travelDiary.debug.xcconfig"; sourceTree = "<group>"; };
		9317939321FECFCE00FDF57A /* UIColorHex.swift */ = {isa = PBXFileReference; fileEncoding = 4; lastKnownFileType = sourcecode.swift; path = UIColorHex.swift; sourceTree = "<group>"; };
		933855A721EE1EE600EFE057 /* tableWentViewController.swift */ = {isa = PBXFileReference; lastKnownFileType = sourcecode.swift; path = tableWentViewController.swift; sourceTree = "<group>"; };
		933855A921EE21CD00EFE057 /* wentTableViewCell.swift */ = {isa = PBXFileReference; lastKnownFileType = sourcecode.swift; path = wentTableViewCell.swift; sourceTree = "<group>"; };
		933855CB21F065A400EFE057 /* WantShowViewController.swift */ = {isa = PBXFileReference; lastKnownFileType = sourcecode.swift; path = WantShowViewController.swift; sourceTree = "<group>"; };
		9350E7EE21E87E6A00909C96 /* WantTableCellTableViewCell.xib */ = {isa = PBXFileReference; lastKnownFileType = file.xib; name = WantTableCellTableViewCell.xib; path = /Users/kitanochihiro/Documents/iOS20181106_48batch/travelDiary/travelDiary/WantTableCellTableViewCell.xib; sourceTree = "<absolute>"; };
		9350E7EF21E87E6A00909C96 /* WantTableCellTableViewCell.swift */ = {isa = PBXFileReference; lastKnownFileType = sourcecode.swift; name = WantTableCellTableViewCell.swift; path = /Users/kitanochihiro/Documents/iOS20181106_48batch/travelDiary/travelDiary/WantTableCellTableViewCell.swift; sourceTree = "<absolute>"; };
		9350E7F121EC166A00909C96 /* tableWantViewController.swift */ = {isa = PBXFileReference; lastKnownFileType = sourcecode.swift; path = tableWantViewController.swift; sourceTree = "<group>"; };
		935EB26021C8CCFA00CD1F1F /* travelDiary.app */ = {isa = PBXFileReference; explicitFileType = wrapper.application; includeInIndex = 0; path = travelDiary.app; sourceTree = BUILT_PRODUCTS_DIR; };
		935EB26321C8CCFA00CD1F1F /* AppDelegate.swift */ = {isa = PBXFileReference; lastKnownFileType = sourcecode.swift; path = AppDelegate.swift; sourceTree = "<group>"; };
		935EB26521C8CCFA00CD1F1F /* ViewController.swift */ = {isa = PBXFileReference; lastKnownFileType = sourcecode.swift; path = ViewController.swift; sourceTree = "<group>"; };
		935EB26821C8CCFA00CD1F1F /* Base */ = {isa = PBXFileReference; lastKnownFileType = file.storyboard; name = Base; path = Base.lproj/Main.storyboard; sourceTree = "<group>"; };
		935EB26B21C8CCFA00CD1F1F /* travelDiary.xcdatamodel */ = {isa = PBXFileReference; lastKnownFileType = wrapper.xcdatamodel; path = travelDiary.xcdatamodel; sourceTree = "<group>"; };
		935EB26D21C8CCFB00CD1F1F /* Assets.xcassets */ = {isa = PBXFileReference; lastKnownFileType = folder.assetcatalog; path = Assets.xcassets; sourceTree = "<group>"; };
		935EB27021C8CCFB00CD1F1F /* Base */ = {isa = PBXFileReference; lastKnownFileType = file.storyboard; name = Base; path = Base.lproj/LaunchScreen.storyboard; sourceTree = "<group>"; };
		935EB27221C8CCFB00CD1F1F /* Info.plist */ = {isa = PBXFileReference; lastKnownFileType = text.plist.xml; path = Info.plist; sourceTree = "<group>"; };
		935EB29921C8E08D00CD1F1F /* 名称未設定.png */ = {isa = PBXFileReference; lastKnownFileType = image.png; path = "名称未設定.png"; sourceTree = "<group>"; };
		935EB29B21C938DE00CD1F1F /* WentViewController.swift */ = {isa = PBXFileReference; lastKnownFileType = sourcecode.swift; path = WentViewController.swift; sourceTree = "<group>"; };
		935EB29F21CB601900CD1F1F /* WantViewController.swift */ = {isa = PBXFileReference; lastKnownFileType = sourcecode.swift; path = WantViewController.swift; sourceTree = "<group>"; };
		935EB2E521D7507C00CD1F1F /* wentShowViewController.swift */ = {isa = PBXFileReference; lastKnownFileType = sourcecode.swift; path = wentShowViewController.swift; sourceTree = "<group>"; };
		9367E13621F8370D0067F53C /* geocordingViewController.swift */ = {isa = PBXFileReference; lastKnownFileType = sourcecode.swift; path = geocordingViewController.swift; sourceTree = "<group>"; };
/* End PBXFileReference section */

/* Begin PBXFrameworksBuildPhase section */
		935EB25D21C8CCFA00CD1F1F /* Frameworks */ = {
			isa = PBXFrameworksBuildPhase;
			buildActionMask = 2147483647;
			files = (
				42A69929C9E5B18B786BCEDC /* Pods_travelDiary.framework in Frameworks */,
			);
			runOnlyForDeploymentPostprocessing = 0;
		};
/* End PBXFrameworksBuildPhase section */

/* Begin PBXGroup section */
		935EB25721C8CCFA00CD1F1F = {
			isa = PBXGroup;
			children = (
				935EB26221C8CCFA00CD1F1F /* travelDiary */,
				935EB26121C8CCFA00CD1F1F /* Products */,
				935EB29921C8E08D00CD1F1F /* 名称未設定.png */,
				FB866F1E665EEA51D0B2A5B6 /* Pods */,
				FB9CAD2297AD961F614B45B2 /* Frameworks */,
			);
			sourceTree = "<group>";
		};
		935EB26121C8CCFA00CD1F1F /* Products */ = {
			isa = PBXGroup;
			children = (
				935EB26021C8CCFA00CD1F1F /* travelDiary.app */,
			);
			name = Products;
			sourceTree = "<group>";
		};
		935EB26221C8CCFA00CD1F1F /* travelDiary */ = {
			isa = PBXGroup;
			children = (
				935EB29B21C938DE00CD1F1F /* WentViewController.swift */,
				935EB26321C8CCFA00CD1F1F /* AppDelegate.swift */,
				9350E7EF21E87E6A00909C96 /* WantTableCellTableViewCell.swift */,
				9350E7EE21E87E6A00909C96 /* WantTableCellTableViewCell.xib */,
				935EB26521C8CCFA00CD1F1F /* ViewController.swift */,
				935EB26721C8CCFA00CD1F1F /* Main.storyboard */,
				9367E13621F8370D0067F53C /* geocordingViewController.swift */,
				933855CB21F065A400EFE057 /* WantShowViewController.swift */,
				9350E7F121EC166A00909C96 /* tableWantViewController.swift */,
				935EB2E521D7507C00CD1F1F /* wentShowViewController.swift */,
				935EB29F21CB601900CD1F1F /* WantViewController.swift */,
				933855A721EE1EE600EFE057 /* tableWentViewController.swift */,
				933855A921EE21CD00EFE057 /* wentTableViewCell.swift */,
				9317939321FECFCE00FDF57A /* UIColorHex.swift */,
				935EB26D21C8CCFB00CD1F1F /* Assets.xcassets */,
				935EB26F21C8CCFB00CD1F1F /* LaunchScreen.storyboard */,
				935EB27221C8CCFB00CD1F1F /* Info.plist */,
				935EB26A21C8CCFA00CD1F1F /* travelDiary.xcdatamodeld */,
			);
			path = travelDiary;
			sourceTree = "<group>";
		};
		FB866F1E665EEA51D0B2A5B6 /* Pods */ = {
			isa = PBXGroup;
			children = (
				8DA7D4107072B4ED9A55CE91 /* Pods-travelDiary.debug.xcconfig */,
				75FEF4C91218D8F96D032B42 /* Pods-travelDiary.release.xcconfig */,
			);
			name = Pods;
			sourceTree = "<group>";
		};
		FB9CAD2297AD961F614B45B2 /* Frameworks */ = {
			isa = PBXGroup;
			children = (
				0426CFC1107BC3C2815353F5 /* Pods_travelDiary.framework */,
			);
			name = Frameworks;
			sourceTree = "<group>";
		};
/* End PBXGroup section */

/* Begin PBXNativeTarget section */
		935EB25F21C8CCFA00CD1F1F /* travelDiary */ = {
			isa = PBXNativeTarget;
			buildConfigurationList = 935EB27521C8CCFB00CD1F1F /* Build configuration list for PBXNativeTarget "travelDiary" */;
			buildPhases = (
				AA98564912D60453FBEA8A02 /* [CP] Check Pods Manifest.lock */,
				935EB25C21C8CCFA00CD1F1F /* Sources */,
				935EB25D21C8CCFA00CD1F1F /* Frameworks */,
				935EB25E21C8CCFA00CD1F1F /* Resources */,
				B2E343973AE79A9450EDF0A2 /* [CP] Embed Pods Frameworks */,
			);
			buildRules = (
			);
			dependencies = (
			);
			name = travelDiary;
			productName = travelDiary;
			productReference = 935EB26021C8CCFA00CD1F1F /* travelDiary.app */;
			productType = "com.apple.product-type.application";
		};
/* End PBXNativeTarget section */

/* Begin PBXProject section */
		935EB25821C8CCFA00CD1F1F /* Project object */ = {
			isa = PBXProject;
			attributes = {
				LastSwiftUpdateCheck = 1010;
				LastUpgradeCheck = 1010;
				ORGANIZATIONNAME = "Chihiro Kitano";
				TargetAttributes = {
					935EB25F21C8CCFA00CD1F1F = {
						CreatedOnToolsVersion = 10.1;
					};
				};
			};
			buildConfigurationList = 935EB25B21C8CCFA00CD1F1F /* Build configuration list for PBXProject "travelDiary" */;
			compatibilityVersion = "Xcode 9.3";
			developmentRegion = en;
			hasScannedForEncodings = 0;
			knownRegions = (
				en,
				Base,
			);
			mainGroup = 935EB25721C8CCFA00CD1F1F;
			productRefGroup = 935EB26121C8CCFA00CD1F1F /* Products */;
			projectDirPath = "";
			projectRoot = "";
			targets = (
				935EB25F21C8CCFA00CD1F1F /* travelDiary */,
			);
		};
/* End PBXProject section */

/* Begin PBXResourcesBuildPhase section */
		935EB25E21C8CCFA00CD1F1F /* Resources */ = {
			isa = PBXResourcesBuildPhase;
			buildActionMask = 2147483647;
			files = (
				935EB27121C8CCFB00CD1F1F /* LaunchScreen.storyboard in Resources */,
				935EB26E21C8CCFB00CD1F1F /* Assets.xcassets in Resources */,
				935EB29A21C8E08D00CD1F1F /* 名称未設定.png in Resources */,
				935EB26921C8CCFA00CD1F1F /* Main.storyboard in Resources */,
			);
			runOnlyForDeploymentPostprocessing = 0;
		};
/* End PBXResourcesBuildPhase section */

/* Begin PBXShellScriptBuildPhase section */
		AA98564912D60453FBEA8A02 /* [CP] Check Pods Manifest.lock */ = {
			isa = PBXShellScriptBuildPhase;
			buildActionMask = 2147483647;
			files = (
			);
			inputFileListPaths = (
			);
			inputPaths = (
				"${PODS_PODFILE_DIR_PATH}/Podfile.lock",
				"${PODS_ROOT}/Manifest.lock",
			);
			name = "[CP] Check Pods Manifest.lock";
			outputFileListPaths = (
			);
			outputPaths = (
				"$(DERIVED_FILE_DIR)/Pods-travelDiary-checkManifestLockResult.txt",
			);
			runOnlyForDeploymentPostprocessing = 0;
			shellPath = /bin/sh;
			shellScript = "diff \"${PODS_PODFILE_DIR_PATH}/Podfile.lock\" \"${PODS_ROOT}/Manifest.lock\" > /dev/null\nif [ $? != 0 ] ; then\n    # print error to STDERR\n    echo \"error: The sandbox is not in sync with the Podfile.lock. Run 'pod install' or update your CocoaPods installation.\" >&2\n    exit 1\nfi\n# This output is used by Xcode 'outputs' to avoid re-running this script phase.\necho \"SUCCESS\" > \"${SCRIPT_OUTPUT_FILE_0}\"\n";
			showEnvVarsInLog = 0;
		};
		B2E343973AE79A9450EDF0A2 /* [CP] Embed Pods Frameworks */ = {
			isa = PBXShellScriptBuildPhase;
			buildActionMask = 2147483647;
			files = (
			);
			inputFileListPaths = (
			);
			inputPaths = (
				"${SRCROOT}/Pods/Target Support Files/Pods-travelDiary/Pods-travelDiary-frameworks.sh",
				"${BUILT_PRODUCTS_DIR}/FontAwesome.swift/FontAwesome_swift.framework",
				"${BUILT_PRODUCTS_DIR}/PryntTrimmerView/PryntTrimmerView.framework",
				"${BUILT_PRODUCTS_DIR}/Realm/Realm.framework",
				"${BUILT_PRODUCTS_DIR}/RealmSwift/RealmSwift.framework",
				"${BUILT_PRODUCTS_DIR}/SteviaLayout/Stevia.framework",
				"${BUILT_PRODUCTS_DIR}/YPImagePicker/YPImagePicker.framework",
			);
			name = "[CP] Embed Pods Frameworks";
			outputFileListPaths = (
			);
			outputPaths = (
				"${TARGET_BUILD_DIR}/${FRAMEWORKS_FOLDER_PATH}/FontAwesome_swift.framework",
				"${TARGET_BUILD_DIR}/${FRAMEWORKS_FOLDER_PATH}/PryntTrimmerView.framework",
				"${TARGET_BUILD_DIR}/${FRAMEWORKS_FOLDER_PATH}/Realm.framework",
				"${TARGET_BUILD_DIR}/${FRAMEWORKS_FOLDER_PATH}/RealmSwift.framework",
				"${TARGET_BUILD_DIR}/${FRAMEWORKS_FOLDER_PATH}/Stevia.framework",
				"${TARGET_BUILD_DIR}/${FRAMEWORKS_FOLDER_PATH}/YPImagePicker.framework",
			);
			runOnlyForDeploymentPostprocessing = 0;
			shellPath = /bin/sh;
			shellScript = "\"${SRCROOT}/Pods/Target Support Files/Pods-travelDiary/Pods-travelDiary-frameworks.sh\"\n";
			showEnvVarsInLog = 0;
		};
/* End PBXShellScriptBuildPhase section */

/* Begin PBXSourcesBuildPhase section */
		935EB25C21C8CCFA00CD1F1F /* Sources */ = {
			isa = PBXSourcesBuildPhase;
			buildActionMask = 2147483647;
			files = (
				9350E7F021E87E6A00909C96 /* WantTableCellTableViewCell.swift in Sources */,
				9350E7F221EC166A00909C96 /* tableWantViewController.swift in Sources */,
				933855A821EE1EE600EFE057 /* tableWentViewController.swift in Sources */,
				935EB29C21C938DE00CD1F1F /* WentViewController.swift in Sources */,
				933855CC21F065A400EFE057 /* WantShowViewController.swift in Sources */,
				9367E13721F8370D0067F53C /* geocordingViewController.swift in Sources */,
				935EB26C21C8CCFA00CD1F1F /* travelDiary.xcdatamodeld in Sources */,
				933855AA21EE21CD00EFE057 /* wentTableViewCell.swift in Sources */,
				935EB2A021CB601900CD1F1F /* WantViewController.swift in Sources */,
				935EB2E621D7507C00CD1F1F /* wentShowViewController.swift in Sources */,
				9317939421FECFCE00FDF57A /* UIColorHex.swift in Sources */,
				935EB26621C8CCFA00CD1F1F /* ViewController.swift in Sources */,
				935EB26421C8CCFA00CD1F1F /* AppDelegate.swift in Sources */,
			);
			runOnlyForDeploymentPostprocessing = 0;
		};
/* End PBXSourcesBuildPhase section */

/* Begin PBXVariantGroup section */
		935EB26721C8CCFA00CD1F1F /* Main.storyboard */ = {
			isa = PBXVariantGroup;
			children = (
				935EB26821C8CCFA00CD1F1F /* Base */,
			);
			name = Main.storyboard;
			sourceTree = "<group>";
		};
		935EB26F21C8CCFB00CD1F1F /* LaunchScreen.storyboard */ = {
			isa = PBXVariantGroup;
			children = (
				935EB27021C8CCFB00CD1F1F /* Base */,
			);
			name = LaunchScreen.storyboard;
			sourceTree = "<group>";
		};
/* End PBXVariantGroup section */

/* Begin XCBuildConfiguration section */
		935EB27321C8CCFB00CD1F1F /* Debug */ = {
			isa = XCBuildConfiguration;
			buildSettings = {
				ALWAYS_SEARCH_USER_PATHS = NO;
				CLANG_ANALYZER_NONNULL = YES;
				CLANG_ANALYZER_NUMBER_OBJECT_CONVERSION = YES_AGGRESSIVE;
				CLANG_CXX_LANGUAGE_STANDARD = "gnu++14";
				CLANG_CXX_LIBRARY = "libc++";
				CLANG_ENABLE_MODULES = YES;
				CLANG_ENABLE_OBJC_ARC = YES;
				CLANG_ENABLE_OBJC_WEAK = YES;
				CLANG_WARN_BLOCK_CAPTURE_AUTORELEASING = YES;
				CLANG_WARN_BOOL_CONVERSION = YES;
				CLANG_WARN_COMMA = YES;
				CLANG_WARN_CONSTANT_CONVERSION = YES;
				CLANG_WARN_DEPRECATED_OBJC_IMPLEMENTATIONS = YES;
				CLANG_WARN_DIRECT_OBJC_ISA_USAGE = YES_ERROR;
				CLANG_WARN_DOCUMENTATION_COMMENTS = YES;
				CLANG_WARN_EMPTY_BODY = YES;
				CLANG_WARN_ENUM_CONVERSION = YES;
				CLANG_WARN_INFINITE_RECURSION = YES;
				CLANG_WARN_INT_CONVERSION = YES;
				CLANG_WARN_NON_LITERAL_NULL_CONVERSION = YES;
				CLANG_WARN_OBJC_IMPLICIT_RETAIN_SELF = YES;
				CLANG_WARN_OBJC_LITERAL_CONVERSION = YES;
				CLANG_WARN_OBJC_ROOT_CLASS = YES_ERROR;
				CLANG_WARN_RANGE_LOOP_ANALYSIS = YES;
				CLANG_WARN_STRICT_PROTOTYPES = YES;
				CLANG_WARN_SUSPICIOUS_MOVE = YES;
				CLANG_WARN_UNGUARDED_AVAILABILITY = YES_AGGRESSIVE;
				CLANG_WARN_UNREACHABLE_CODE = YES;
				CLANG_WARN__DUPLICATE_METHOD_MATCH = YES;
				CODE_SIGN_IDENTITY = "iPhone Developer";
				COPY_PHASE_STRIP = NO;
				DEBUG_INFORMATION_FORMAT = dwarf;
				ENABLE_STRICT_OBJC_MSGSEND = YES;
				ENABLE_TESTABILITY = YES;
				GCC_C_LANGUAGE_STANDARD = gnu11;
				GCC_DYNAMIC_NO_PIC = NO;
				GCC_NO_COMMON_BLOCKS = YES;
				GCC_OPTIMIZATION_LEVEL = 0;
				GCC_PREPROCESSOR_DEFINITIONS = (
					"DEBUG=1",
					"$(inherited)",
				);
				GCC_WARN_64_TO_32_BIT_CONVERSION = YES;
				GCC_WARN_ABOUT_RETURN_TYPE = YES_ERROR;
				GCC_WARN_UNDECLARED_SELECTOR = YES;
				GCC_WARN_UNINITIALIZED_AUTOS = YES_AGGRESSIVE;
				GCC_WARN_UNUSED_FUNCTION = YES;
				GCC_WARN_UNUSED_VARIABLE = YES;
				IPHONEOS_DEPLOYMENT_TARGET = 12.1;
				MTL_ENABLE_DEBUG_INFO = INCLUDE_SOURCE;
				MTL_FAST_MATH = YES;
				ONLY_ACTIVE_ARCH = YES;
				SDKROOT = iphoneos;
				SWIFT_ACTIVE_COMPILATION_CONDITIONS = DEBUG;
				SWIFT_OPTIMIZATION_LEVEL = "-Onone";
			};
			name = Debug;
		};
		935EB27421C8CCFB00CD1F1F /* Release */ = {
			isa = XCBuildConfiguration;
			buildSettings = {
				ALWAYS_SEARCH_USER_PATHS = NO;
				CLANG_ANALYZER_NONNULL = YES;
				CLANG_ANALYZER_NUMBER_OBJECT_CONVERSION = YES_AGGRESSIVE;
				CLANG_CXX_LANGUAGE_STANDARD = "gnu++14";
				CLANG_CXX_LIBRARY = "libc++";
				CLANG_ENABLE_MODULES = YES;
				CLANG_ENABLE_OBJC_ARC = YES;
				CLANG_ENABLE_OBJC_WEAK = YES;
				CLANG_WARN_BLOCK_CAPTURE_AUTORELEASING = YES;
				CLANG_WARN_BOOL_CONVERSION = YES;
				CLANG_WARN_COMMA = YES;
				CLANG_WARN_CONSTANT_CONVERSION = YES;
				CLANG_WARN_DEPRECATED_OBJC_IMPLEMENTATIONS = YES;
				CLANG_WARN_DIRECT_OBJC_ISA_USAGE = YES_ERROR;
				CLANG_WARN_DOCUMENTATION_COMMENTS = YES;
				CLANG_WARN_EMPTY_BODY = YES;
				CLANG_WARN_ENUM_CONVERSION = YES;
				CLANG_WARN_INFINITE_RECURSION = YES;
				CLANG_WARN_INT_CONVERSION = YES;
				CLANG_WARN_NON_LITERAL_NULL_CONVERSION = YES;
				CLANG_WARN_OBJC_IMPLICIT_RETAIN_SELF = YES;
				CLANG_WARN_OBJC_LITERAL_CONVERSION = YES;
				CLANG_WARN_OBJC_ROOT_CLASS = YES_ERROR;
				CLANG_WARN_RANGE_LOOP_ANALYSIS = YES;
				CLANG_WARN_STRICT_PROTOTYPES = YES;
				CLANG_WARN_SUSPICIOUS_MOVE = YES;
				CLANG_WARN_UNGUARDED_AVAILABILITY = YES_AGGRESSIVE;
				CLANG_WARN_UNREACHABLE_CODE = YES;
				CLANG_WARN__DUPLICATE_METHOD_MATCH = YES;
				CODE_SIGN_IDENTITY = "iPhone Developer";
				COPY_PHASE_STRIP = NO;
				DEBUG_INFORMATION_FORMAT = "dwarf-with-dsym";
				ENABLE_NS_ASSERTIONS = NO;
				ENABLE_STRICT_OBJC_MSGSEND = YES;
				GCC_C_LANGUAGE_STANDARD = gnu11;
				GCC_NO_COMMON_BLOCKS = YES;
				GCC_WARN_64_TO_32_BIT_CONVERSION = YES;
				GCC_WARN_ABOUT_RETURN_TYPE = YES_ERROR;
				GCC_WARN_UNDECLARED_SELECTOR = YES;
				GCC_WARN_UNINITIALIZED_AUTOS = YES_AGGRESSIVE;
				GCC_WARN_UNUSED_FUNCTION = YES;
				GCC_WARN_UNUSED_VARIABLE = YES;
				IPHONEOS_DEPLOYMENT_TARGET = 12.1;
				MTL_ENABLE_DEBUG_INFO = NO;
				MTL_FAST_MATH = YES;
				SDKROOT = iphoneos;
				SWIFT_COMPILATION_MODE = wholemodule;
				SWIFT_OPTIMIZATION_LEVEL = "-O";
				VALIDATE_PRODUCT = YES;
			};
			name = Release;
		};
		935EB27621C8CCFB00CD1F1F /* Debug */ = {
			isa = XCBuildConfiguration;
			baseConfigurationReference = 8DA7D4107072B4ED9A55CE91 /* Pods-travelDiary.debug.xcconfig */;
			buildSettings = {
				ASSETCATALOG_COMPILER_APPICON_NAME = AppIcon;
				CODE_SIGN_STYLE = Automatic;
				DEVELOPMENT_TEAM = NR7R6M96FP;
				INFOPLIST_FILE = travelDiary/Info.plist;
				LD_RUNPATH_SEARCH_PATHS = (
					"$(inherited)",
					"@executable_path/Frameworks",
				);
				PRODUCT_BUNDLE_IDENTIFIER = com.chihirokitano.travelDiary;
				PRODUCT_NAME = "$(TARGET_NAME)";
				SWIFT_VERSION = 4.2;
				TARGETED_DEVICE_FAMILY = "1,2";
			};
			name = Debug;
		};
		935EB27721C8CCFB00CD1F1F /* Release */ = {
			isa = XCBuildConfiguration;
			baseConfigurationReference = 75FEF4C91218D8F96D032B42 /* Pods-travelDiary.release.xcconfig */;
			buildSettings = {
				ASSETCATALOG_COMPILER_APPICON_NAME = AppIcon;
				CODE_SIGN_STYLE = Automatic;
				DEVELOPMENT_TEAM = NR7R6M96FP;
				INFOPLIST_FILE = travelDiary/Info.plist;
				LD_RUNPATH_SEARCH_PATHS = (
					"$(inherited)",
					"@executable_path/Frameworks",
				);
				PRODUCT_BUNDLE_IDENTIFIER = com.chihirokitano.travelDiary;
				PRODUCT_NAME = "$(TARGET_NAME)";
				SWIFT_VERSION = 4.2;
				TARGETED_DEVICE_FAMILY = "1,2";
			};
			name = Release;
		};
/* End XCBuildConfiguration section */

/* Begin XCConfigurationList section */
		935EB25B21C8CCFA00CD1F1F /* Build configuration list for PBXProject "travelDiary" */ = {
			isa = XCConfigurationList;
			buildConfigurations = (
				935EB27321C8CCFB00CD1F1F /* Debug */,
				935EB27421C8CCFB00CD1F1F /* Release */,
			);
			defaultConfigurationIsVisible = 0;
			defaultConfigurationName = Release;
		};
		935EB27521C8CCFB00CD1F1F /* Build configuration list for PBXNativeTarget "travelDiary" */ = {
			isa = XCConfigurationList;
			buildConfigurations = (
				935EB27621C8CCFB00CD1F1F /* Debug */,
				935EB27721C8CCFB00CD1F1F /* Release */,
			);
			defaultConfigurationIsVisible = 0;
			defaultConfigurationName = Release;
		};
/* End XCConfigurationList section */

/* Begin XCVersionGroup section */
		935EB26A21C8CCFA00CD1F1F /* travelDiary.xcdatamodeld */ = {
			isa = XCVersionGroup;
			children = (
				935EB26B21C8CCFA00CD1F1F /* travelDiary.xcdatamodel */,
			);
			currentVersion = 935EB26B21C8CCFA00CD1F1F /* travelDiary.xcdatamodel */;
			path = travelDiary.xcdatamodeld;
			sourceTree = "<group>";
			versionGroupType = wrapper.xcdatamodel;
		};
/* End XCVersionGroup section */
	};
	rootObject = 935EB25821C8CCFA00CD1F1F /* Project object */;
}
